
Microsoft Visual Studio Solution File, Format Version 12.00
# Visual Studio 2012
Project("{FAE04EC0-301F-11D3-BF4B-00C04F79EFBC}") = "AccountManagement", "AccountManagement\AccountManagement.csproj", "{51EA03A4-B658-4F51-84EC-065F2436BD37}"
EndProject
Project("{FAE04EC0-301F-11D3-BF4B-00C04F79EFBC}") = "AccountManagement.Specs", "AccountManagement.Specs\AccountManagement.Specs.csproj", "{B20A8041-E005-478A-B0BB-510C75A9A25E}"
EndProject
Global
	GlobalSection(SolutionConfigurationPlatforms) = preSolution
		Debug|Any CPU = Debug|Any CPU
		Release|Any CPU = Release|Any CPU
	EndGlobalSection
	GlobalSection(ProjectConfigurationPlatforms) = postSolution
		{51EA03A4-B658-4F51-84EC-065F2436BD37}.Debug|Any CPU.ActiveCfg = Debug|Any CPU
		{51EA03A4-B658-4F51-84EC-065F2436BD37}.Debug|Any CPU.Build.0 = Debug|Any CPU
		{51EA03A4-B658-4F51-84EC-065F2436BD37}.Release|Any CPU.ActiveCfg = Release|Any CPU
		{51EA03A4-B658-4F51-84EC-065F2436BD37}.Release|Any CPU.Build.0 = Release|Any CPU
		{B20A8041-E005-478A-B0BB-510C75A9A25E}.Debug|Any CPU.ActiveCfg = Debug|Any CPU
		{B20A8041-E005-478A-B0BB-510C75A9A25E}.Debug|Any CPU.Build.0 = Debug|Any CPU
		{B20A8041-E005-478A-B0BB-510C75A9A25E}.Release|Any CPU.ActiveCfg = Release|Any CPU
		{B20A8041-E005-478A-B0BB-510C75A9A25E}.Release|Any CPU.Build.0 = Release|Any CPU
	EndGlobalSection
	GlobalSection(SolutionProperties) = preSolution
		HideSolutionNode = FALSE
	EndGlobalSection
EndGlobal
